# THIS IS AN AUTOGENERATED FILE. DO NOT EDIT THIS FILE DIRECTLY.
# yarn lockfile v1


"@kurkle/color@^0.3.0":
  version "0.3.2"
  resolved "https://registry.yarnpkg.com/@kurkle/color/-/color-0.3.2.tgz#5acd38242e8bde4f9986e7913c8fdf49d3aa199f"
  integrity sha512-fuscdXJ9G1qb7W8VdHi+IwRqij3lBkosAm4ydQtEmbY58OzHXqQhvlxqEkoz0yssNVn38bcpRWgA9PP+OGoisw==

chart.js@^4.4.2:
  version "4.4.2"
  resolved "https://registry.yarnpkg.com/chart.js/-/chart.js-4.4.2.tgz#95962fa6430828ed325a480cc2d5f2b4e385ac31"
  integrity sha512-6GD7iKwFpP5kbSD4MeRRRlTnQvxfQREy36uEtm1hzHzcOqwWx0YEHuspuoNlslu+nciLIB7fjjsHkUv/FzFcOg==
  dependencies:
    "@kurkle/color" "^0.3.0"

vue-chartjs@^5.3.0:
  version "5.3.0"
  resolved "https://registry.yarnpkg.com/vue-chartjs/-/vue-chartjs-5.3.0.tgz#59920a07d72f37a2375d495256e486b92813bf6e"
  integrity sha512-8XqX0JU8vFZ+WA2/knz4z3ThClduni2Nm0BMe2u0mXgTfd9pXrmJ07QBI+WAij5P/aPmPMX54HCE1seWL37ZdQ==
